
Microsoft Visual Studio Solution File, Format Version 12.00
# Visual Studio Version 17
VisualStudioVersion = 17.0.31919.166
MinimumVisualStudioVersion = 10.0.40219.1
Project("{9A19103F-16F7-4668-BE54-9A1E7A4F7556}") = "ASMS.API", "ASMS\ASMS.API\ASMS.API.csproj", "{C86240F0-0F6F-4A28-92EE-12053A0C016F}"
EndProject
Project("{2150E333-8FDC-42A3-9474-1A3956D46DE8}") = "01. Presentation", "01. Presentation", "{D6825C37-102A-481C-97D1-11BDF88A1E11}"
EndProject
Project("{2150E333-8FDC-42A3-9474-1A3956D46DE8}") = "01. API", "01. API", "{9B2B14FC-0322-4E2B-9FAD-A68EC11CFE1A}"
EndProject
Project("{2150E333-8FDC-42A3-9474-1A3956D46DE8}") = "02. Models", "02. Models", "{C100E4CA-4A9C-490C-B144-B4EAAEE457DF}"
EndProject
Project("{2150E333-8FDC-42A3-9474-1A3956D46DE8}") = "02. Application", "02. Application", "{A2080762-87DD-401B-92AF-799906D1E576}"
EndProject
Project("{2150E333-8FDC-42A3-9474-1A3956D46DE8}") = "03. Persistence", "03. Persistence", "{4EA167E5-833E-413B-AEF2-AA642AA426EF}"
EndProject
Project("{2150E333-8FDC-42A3-9474-1A3956D46DE8}") = "04. Infrastructure", "04. Infrastructure", "{C0B17F17-0BAC-44E1-898B-A6291F79E572}"
EndProject
Project("{2150E333-8FDC-42A3-9474-1A3956D46DE8}") = "06. Domain", "06. Domain", "{0423BCB4-27F2-4CEA-9168-73EB68F101B4}"
EndProject
Project("{2150E333-8FDC-42A3-9474-1A3956D46DE8}") = "01. Command", "01. Command", "{B934AEC1-D8F3-454B-A48D-0060A1227A37}"
EndProject
Project("{2150E333-8FDC-42A3-9474-1A3956D46DE8}") = "02. Queries", "02. Queries", "{67BE74AB-FDE6-4B16-A0EC-A81A17D97241}"
EndProject
Project("{2150E333-8FDC-42A3-9474-1A3956D46DE8}") = "03. Services", "03. Services", "{61BBC78D-5F32-4A7C-847E-6D022443F73C}"
EndProject
Project("{2150E333-8FDC-42A3-9474-1A3956D46DE8}") = "04. QueryBuilders", "04. QueryBuilders", "{18C2DB14-149C-4B13-9D06-55F71C2DFB79}"
EndProject
Project("{9A19103F-16F7-4668-BE54-9A1E7A4F7556}") = "ASMS.Domain", "ASMS\ASMS.Domain\ASMS.Domain.csproj", "{8DDBE47A-176D-4854-A3F2-928745177B87}"
EndProject
Project("{9A19103F-16F7-4668-BE54-9A1E7A4F7556}") = "ASMS.Domain.Abstractions", "ASMS\ASMS.Domain.Abstractions\ASMS.Domain.Abstractions.csproj", "{4F5D432D-9B3F-4E94-AE58-88121F622B89}"
EndProject
Project("{9A19103F-16F7-4668-BE54-9A1E7A4F7556}") = "ASMS.Infrastructure", "ASMS\ASMS.Infrastructure\ASMS.Infrastructure.csproj", "{DDB36DE7-580B-46DF-8CAA-848328D91039}"
EndProject
Project("{9A19103F-16F7-4668-BE54-9A1E7A4F7556}") = "ASMS.Infrastructure.Abstractions", "ASMS\ASMS.Infrastructure.Abstractions\ASMS.Infrastructure.Abstractions.csproj", "{50BA774D-7637-4EDB-962E-4FD1CFFD655A}"
EndProject
Project("{9A19103F-16F7-4668-BE54-9A1E7A4F7556}") = "ASMS.Infrastructure.Automapper", "ASMS\ASMS.Infrastructure.Automapper\ASMS.Infrastructure.Automapper.csproj", "{5943C2D2-4E0B-436B-9B73-F06D981B3EC7}"
EndProject
Project("{2150E333-8FDC-42A3-9474-1A3956D46DE8}") = "05. Common", "05. Common", "{FB0FCB22-0FEA-4580-B444-5ECD3C7711F8}"
EndProject
Project("{9A19103F-16F7-4668-BE54-9A1E7A4F7556}") = "ASMS.CrossCutting", "ASMS\ASMS.CrossCutting\ASMS.CrossCutting.csproj", "{B833175D-EE16-41CF-A4F5-E4F2BB39383D}"
EndProject
Project("{FAE04EC0-301F-11D3-BF4B-00C04F79EFBC}") = "ASMS.Persistence", "ASMS\ASMS.Persistence\ASMS.Persistence.csproj", "{D5B9974B-2744-4706-BD0D-D910A55EA12E}"
EndProject
Project("{FAE04EC0-301F-11D3-BF4B-00C04F79EFBC}") = "ASMS.Persistence.Abstractions", "ASMS\ASMS.Persistence.Abstractions\ASMS.Persistence.Abstractions.csproj", "{C50D2B4E-8F9F-4599-A6E0-F3BCF1797DAD}"
EndProject
Project("{FAE04EC0-301F-11D3-BF4B-00C04F79EFBC}") = "ASMS.QueryBuilders", "ASMS\ASMS.QueryBuilders\ASMS.QueryBuilders.csproj", "{F5054594-87CA-4456-A24F-ACDBF15B1749}"
EndProject
Project("{FAE04EC0-301F-11D3-BF4B-00C04F79EFBC}") = "ASMS.QueryBuilders.Abstractions", "ASMS\ASMS.QueryBuilders.Abstractions\ASMS.QueryBuilders.Abstractions.csproj", "{79C60266-A52C-4551-97E9-C108729920F6}"
EndProject
Project("{FAE04EC0-301F-11D3-BF4B-00C04F79EFBC}") = "ASMS.Services", "ASMS\ASMS.Services\ASMS.Services.csproj", "{B59A58B2-67E4-4245-A37F-0DCECDF1F48D}"
EndProject
Project("{FAE04EC0-301F-11D3-BF4B-00C04F79EFBC}") = "ASMS.Services.Abstractions", "ASMS\ASMS.Services.Abstractions\ASMS.Services.Abstractions.csproj", "{72478D1A-A9C6-409A-AA0E-8772716F43EE}"
EndProject
Project("{FAE04EC0-301F-11D3-BF4B-00C04F79EFBC}") = "ASMS.DTOs", "ASMS\ASMS.DTOs\ASMS.DTOs.csproj", "{556A0ED7-2A2F-454D-A079-EDA95FB3E5A2}"
EndProject
Project("{FAE04EC0-301F-11D3-BF4B-00C04F79EFBC}") = "ASMS.Command", "ASMS\ASMS.Command\ASMS.Command.csproj", "{73141CC9-2B02-4B23-8959-CB7EC72CBA34}"
EndProject
Project("{FAE04EC0-301F-11D3-BF4B-00C04F79EFBC}") = "ASMS.Queries", "ASMS\ASMS.Queries\ASMS.Queries.csproj", "{C383A31F-5F06-408C-9BB1-93A23B177C94}"
EndProject
Global
	GlobalSection(SolutionConfigurationPlatforms) = preSolution
		Debug|Any CPU = Debug|Any CPU
		Release|Any CPU = Release|Any CPU
	EndGlobalSection
	GlobalSection(ProjectConfigurationPlatforms) = postSolution
		{C86240F0-0F6F-4A28-92EE-12053A0C016F}.Debug|Any CPU.ActiveCfg = Debug|Any CPU
		{C86240F0-0F6F-4A28-92EE-12053A0C016F}.Debug|Any CPU.Build.0 = Debug|Any CPU
		{C86240F0-0F6F-4A28-92EE-12053A0C016F}.Release|Any CPU.ActiveCfg = Release|Any CPU
		{C86240F0-0F6F-4A28-92EE-12053A0C016F}.Release|Any CPU.Build.0 = Release|Any CPU
		{8DDBE47A-176D-4854-A3F2-928745177B87}.Debug|Any CPU.ActiveCfg = Debug|Any CPU
		{8DDBE47A-176D-4854-A3F2-928745177B87}.Debug|Any CPU.Build.0 = Debug|Any CPU
		{8DDBE47A-176D-4854-A3F2-928745177B87}.Release|Any CPU.ActiveCfg = Release|Any CPU
		{8DDBE47A-176D-4854-A3F2-928745177B87}.Release|Any CPU.Build.0 = Release|Any CPU
		{4F5D432D-9B3F-4E94-AE58-88121F622B89}.Debug|Any CPU.ActiveCfg = Debug|Any CPU
		{4F5D432D-9B3F-4E94-AE58-88121F622B89}.Debug|Any CPU.Build.0 = Debug|Any CPU
		{4F5D432D-9B3F-4E94-AE58-88121F622B89}.Release|Any CPU.ActiveCfg = Release|Any CPU
		{4F5D432D-9B3F-4E94-AE58-88121F622B89}.Release|Any CPU.Build.0 = Release|Any CPU
		{DDB36DE7-580B-46DF-8CAA-848328D91039}.Debug|Any CPU.ActiveCfg = Debug|Any CPU
		{DDB36DE7-580B-46DF-8CAA-848328D91039}.Debug|Any CPU.Build.0 = Debug|Any CPU
		{DDB36DE7-580B-46DF-8CAA-848328D91039}.Release|Any CPU.ActiveCfg = Release|Any CPU
		{DDB36DE7-580B-46DF-8CAA-848328D91039}.Release|Any CPU.Build.0 = Release|Any CPU
		{50BA774D-7637-4EDB-962E-4FD1CFFD655A}.Debug|Any CPU.ActiveCfg = Debug|Any CPU
		{50BA774D-7637-4EDB-962E-4FD1CFFD655A}.Debug|Any CPU.Build.0 = Debug|Any CPU
		{50BA774D-7637-4EDB-962E-4FD1CFFD655A}.Release|Any CPU.ActiveCfg = Release|Any CPU
		{50BA774D-7637-4EDB-962E-4FD1CFFD655A}.Release|Any CPU.Build.0 = Release|Any CPU
		{5943C2D2-4E0B-436B-9B73-F06D981B3EC7}.Debug|Any CPU.ActiveCfg = Debug|Any CPU
		{5943C2D2-4E0B-436B-9B73-F06D981B3EC7}.Debug|Any CPU.Build.0 = Debug|Any CPU
		{5943C2D2-4E0B-436B-9B73-F06D981B3EC7}.Release|Any CPU.ActiveCfg = Release|Any CPU
		{5943C2D2-4E0B-436B-9B73-F06D981B3EC7}.Release|Any CPU.Build.0 = Release|Any CPU
		{B833175D-EE16-41CF-A4F5-E4F2BB39383D}.Debug|Any CPU.ActiveCfg = Debug|Any CPU
		{B833175D-EE16-41CF-A4F5-E4F2BB39383D}.Debug|Any CPU.Build.0 = Debug|Any CPU
		{B833175D-EE16-41CF-A4F5-E4F2BB39383D}.Release|Any CPU.ActiveCfg = Release|Any CPU
		{B833175D-EE16-41CF-A4F5-E4F2BB39383D}.Release|Any CPU.Build.0 = Release|Any CPU
		{D5B9974B-2744-4706-BD0D-D910A55EA12E}.Debug|Any CPU.ActiveCfg = Debug|Any CPU
		{D5B9974B-2744-4706-BD0D-D910A55EA12E}.Debug|Any CPU.Build.0 = Debug|Any CPU
		{D5B9974B-2744-4706-BD0D-D910A55EA12E}.Release|Any CPU.ActiveCfg = Release|Any CPU
		{D5B9974B-2744-4706-BD0D-D910A55EA12E}.Release|Any CPU.Build.0 = Release|Any CPU
		{C50D2B4E-8F9F-4599-A6E0-F3BCF1797DAD}.Debug|Any CPU.ActiveCfg = Debug|Any CPU
		{C50D2B4E-8F9F-4599-A6E0-F3BCF1797DAD}.Debug|Any CPU.Build.0 = Debug|Any CPU
		{C50D2B4E-8F9F-4599-A6E0-F3BCF1797DAD}.Release|Any CPU.ActiveCfg = Release|Any CPU
		{C50D2B4E-8F9F-4599-A6E0-F3BCF1797DAD}.Release|Any CPU.Build.0 = Release|Any CPU
		{F5054594-87CA-4456-A24F-ACDBF15B1749}.Debug|Any CPU.ActiveCfg = Debug|Any CPU
		{F5054594-87CA-4456-A24F-ACDBF15B1749}.Debug|Any CPU.Build.0 = Debug|Any CPU
		{F5054594-87CA-4456-A24F-ACDBF15B1749}.Release|Any CPU.ActiveCfg = Release|Any CPU
		{F5054594-87CA-4456-A24F-ACDBF15B1749}.Release|Any CPU.Build.0 = Release|Any CPU
		{79C60266-A52C-4551-97E9-C108729920F6}.Debug|Any CPU.ActiveCfg = Debug|Any CPU
		{79C60266-A52C-4551-97E9-C108729920F6}.Debug|Any CPU.Build.0 = Debug|Any CPU
		{79C60266-A52C-4551-97E9-C108729920F6}.Release|Any CPU.ActiveCfg = Release|Any CPU
		{79C60266-A52C-4551-97E9-C108729920F6}.Release|Any CPU.Build.0 = Release|Any CPU
		{B59A58B2-67E4-4245-A37F-0DCECDF1F48D}.Debug|Any CPU.ActiveCfg = Debug|Any CPU
		{B59A58B2-67E4-4245-A37F-0DCECDF1F48D}.Debug|Any CPU.Build.0 = Debug|Any CPU
		{B59A58B2-67E4-4245-A37F-0DCECDF1F48D}.Release|Any CPU.ActiveCfg = Release|Any CPU
		{B59A58B2-67E4-4245-A37F-0DCECDF1F48D}.Release|Any CPU.Build.0 = Release|Any CPU
		{72478D1A-A9C6-409A-AA0E-8772716F43EE}.Debug|Any CPU.ActiveCfg = Debug|Any CPU
		{72478D1A-A9C6-409A-AA0E-8772716F43EE}.Debug|Any CPU.Build.0 = Debug|Any CPU
		{72478D1A-A9C6-409A-AA0E-8772716F43EE}.Release|Any CPU.ActiveCfg = Release|Any CPU
		{72478D1A-A9C6-409A-AA0E-8772716F43EE}.Release|Any CPU.Build.0 = Release|Any CPU
		{556A0ED7-2A2F-454D-A079-EDA95FB3E5A2}.Debug|Any CPU.ActiveCfg = Debug|Any CPU
		{556A0ED7-2A2F-454D-A079-EDA95FB3E5A2}.Debug|Any CPU.Build.0 = Debug|Any CPU
		{556A0ED7-2A2F-454D-A079-EDA95FB3E5A2}.Release|Any CPU.ActiveCfg = Release|Any CPU
		{556A0ED7-2A2F-454D-A079-EDA95FB3E5A2}.Release|Any CPU.Build.0 = Release|Any CPU
		{73141CC9-2B02-4B23-8959-CB7EC72CBA34}.Debug|Any CPU.ActiveCfg = Debug|Any CPU
		{73141CC9-2B02-4B23-8959-CB7EC72CBA34}.Debug|Any CPU.Build.0 = Debug|Any CPU
		{73141CC9-2B02-4B23-8959-CB7EC72CBA34}.Release|Any CPU.ActiveCfg = Release|Any CPU
		{73141CC9-2B02-4B23-8959-CB7EC72CBA34}.Release|Any CPU.Build.0 = Release|Any CPU
		{C383A31F-5F06-408C-9BB1-93A23B177C94}.Debug|Any CPU.ActiveCfg = Debug|Any CPU
		{C383A31F-5F06-408C-9BB1-93A23B177C94}.Debug|Any CPU.Build.0 = Debug|Any CPU
		{C383A31F-5F06-408C-9BB1-93A23B177C94}.Release|Any CPU.ActiveCfg = Release|Any CPU
		{C383A31F-5F06-408C-9BB1-93A23B177C94}.Release|Any CPU.Build.0 = Release|Any CPU
	EndGlobalSection
	GlobalSection(SolutionProperties) = preSolution
		HideSolutionNode = FALSE
	EndGlobalSection
	GlobalSection(NestedProjects) = preSolution
		{C86240F0-0F6F-4A28-92EE-12053A0C016F} = {9B2B14FC-0322-4E2B-9FAD-A68EC11CFE1A}
		{9B2B14FC-0322-4E2B-9FAD-A68EC11CFE1A} = {D6825C37-102A-481C-97D1-11BDF88A1E11}
		{C100E4CA-4A9C-490C-B144-B4EAAEE457DF} = {D6825C37-102A-481C-97D1-11BDF88A1E11}
		{B934AEC1-D8F3-454B-A48D-0060A1227A37} = {A2080762-87DD-401B-92AF-799906D1E576}
		{67BE74AB-FDE6-4B16-A0EC-A81A17D97241} = {A2080762-87DD-401B-92AF-799906D1E576}
		{61BBC78D-5F32-4A7C-847E-6D022443F73C} = {A2080762-87DD-401B-92AF-799906D1E576}
		{18C2DB14-149C-4B13-9D06-55F71C2DFB79} = {A2080762-87DD-401B-92AF-799906D1E576}
		{8DDBE47A-176D-4854-A3F2-928745177B87} = {0423BCB4-27F2-4CEA-9168-73EB68F101B4}
		{4F5D432D-9B3F-4E94-AE58-88121F622B89} = {0423BCB4-27F2-4CEA-9168-73EB68F101B4}
		{DDB36DE7-580B-46DF-8CAA-848328D91039} = {C0B17F17-0BAC-44E1-898B-A6291F79E572}
		{50BA774D-7637-4EDB-962E-4FD1CFFD655A} = {C0B17F17-0BAC-44E1-898B-A6291F79E572}
		{5943C2D2-4E0B-436B-9B73-F06D981B3EC7} = {C0B17F17-0BAC-44E1-898B-A6291F79E572}
		{B833175D-EE16-41CF-A4F5-E4F2BB39383D} = {FB0FCB22-0FEA-4580-B444-5ECD3C7711F8}
		{D5B9974B-2744-4706-BD0D-D910A55EA12E} = {4EA167E5-833E-413B-AEF2-AA642AA426EF}
		{C50D2B4E-8F9F-4599-A6E0-F3BCF1797DAD} = {4EA167E5-833E-413B-AEF2-AA642AA426EF}
		{F5054594-87CA-4456-A24F-ACDBF15B1749} = {18C2DB14-149C-4B13-9D06-55F71C2DFB79}
		{79C60266-A52C-4551-97E9-C108729920F6} = {18C2DB14-149C-4B13-9D06-55F71C2DFB79}
		{B59A58B2-67E4-4245-A37F-0DCECDF1F48D} = {61BBC78D-5F32-4A7C-847E-6D022443F73C}
		{72478D1A-A9C6-409A-AA0E-8772716F43EE} = {61BBC78D-5F32-4A7C-847E-6D022443F73C}
		{556A0ED7-2A2F-454D-A079-EDA95FB3E5A2} = {C100E4CA-4A9C-490C-B144-B4EAAEE457DF}
		{73141CC9-2B02-4B23-8959-CB7EC72CBA34} = {B934AEC1-D8F3-454B-A48D-0060A1227A37}
		{C383A31F-5F06-408C-9BB1-93A23B177C94} = {67BE74AB-FDE6-4B16-A0EC-A81A17D97241}
	EndGlobalSection
	GlobalSection(ExtensibilityGlobals) = postSolution
		SolutionGuid = {6F71995A-B393-42B8-A254-2286C4511995}
	EndGlobalSection
EndGlobal
